
Microsoft Visual Studio Solution File, Format Version 12.00
# Visual Studio Version 17
VisualStudioVersion = 17.1.32421.90
MinimumVisualStudioVersion = 10.0.40219.1
Project("{FAE04EC0-301F-11D3-BF4B-00C04F79EFBC}") = "ProjectWFA", "ProjectWFA\ProjectWFA.csproj", "{F97175C4-1494-434B-A883-D36F123D3C2E}"
EndProject
Global
	GlobalSection(SolutionConfigurationPlatforms) = preSolution
		Debug|Any CPU = Debug|Any CPU
		Release|Any CPU = Release|Any CPU
	EndGlobalSection
	GlobalSection(ProjectConfigurationPlatforms) = postSolution
		{F97175C4-1494-434B-A883-D36F123D3C2E}.Debug|Any CPU.ActiveCfg = Debug|Any CPU
		{F97175C4-1494-434B-A883-D36F123D3C2E}.Debug|Any CPU.Build.0 = Debug|Any CPU
		{F97175C4-1494-434B-A883-D36F123D3C2E}.Release|Any CPU.ActiveCfg = Release|Any CPU
		{F97175C4-1494-434B-A883-D36F123D3C2E}.Release|Any CPU.Build.0 = Release|Any CPU
	EndGlobalSection
	GlobalSection(SolutionProperties) = preSolution
		HideSolutionNode = FALSE
	EndGlobalSection
	GlobalSection(ExtensibilityGlobals) = postSolution
		SolutionGuid = {69B7D1A1-F13F-40D2-88FB-BFE9AF437380}
	EndGlobalSection
EndGlobal
